
Microsoft Visual Studio Solution File, Format Version 12.00
# Visual Studio Version 17
VisualStudioVersion = 17.6.33513.286
MinimumVisualStudioVersion = 10.0.40219.1
Project("{FAE04EC0-301F-11D3-BF4B-00C04F79EFBC}") = "lab_7.4", "lab_7.4\lab_7.4.csproj", "{6562DFB8-30DA-4635-9D97-08B2DF6BA75F}"
EndProject
Global
	GlobalSection(SolutionConfigurationPlatforms) = preSolution
		Debug|Any CPU = Debug|Any CPU
		Release|Any CPU = Release|Any CPU
	EndGlobalSection
	GlobalSection(ProjectConfigurationPlatforms) = postSolution
		{6562DFB8-30DA-4635-9D97-08B2DF6BA75F}.Debug|Any CPU.ActiveCfg = Debug|Any CPU
		{6562DFB8-30DA-4635-9D97-08B2DF6BA75F}.Debug|Any CPU.Build.0 = Debug|Any CPU
		{6562DFB8-30DA-4635-9D97-08B2DF6BA75F}.Release|Any CPU.ActiveCfg = Release|Any CPU
		{6562DFB8-30DA-4635-9D97-08B2DF6BA75F}.Release|Any CPU.Build.0 = Release|Any CPU
	EndGlobalSection
	GlobalSection(SolutionProperties) = preSolution
		HideSolutionNode = FALSE
	EndGlobalSection
	GlobalSection(ExtensibilityGlobals) = postSolution
		SolutionGuid = {E7F9A65B-C433-487C-9736-12A0847DD3FE}
	EndGlobalSection
EndGlobal
